
Microsoft Visual Studio Solution File, Format Version 12.00
# Visual Studio 15
VisualStudioVersion = 15.0.26730.3
MinimumVisualStudioVersion = 10.0.40219.1
Project("{FAE04EC0-301F-11D3-BF4B-00C04F79EFBC}") = "TagCloud.Core", "TagCloud.Core\TagCloud.Core.csproj", "{5F720D0F-7A6C-4181-821B-7B863DB0D3FA}"
EndProject
Project("{2150E333-8FDC-42A3-9474-1A3956D46DE8}") = "Tests", "Tests", "{DBBFCC03-5F6E-4A7E-AB0B-9A64E9602822}"
EndProject
Project("{FAE04EC0-301F-11D3-BF4B-00C04F79EFBC}") = "TestCloud.Core.Tests", "tests\TestCloud.Core.Tests\TestCloud.Core.Tests.csproj", "{763D153A-00EA-49A5-83B9-106B2EEC0146}"
EndProject
Project("{FAE04EC0-301F-11D3-BF4B-00C04F79EFBC}") = "TagCloud.Client.Forms", "TagCloud.Client.Forms\TagCloud.Client.Forms.csproj", "{0D72AB67-57D1-4FC4-9E04-FD3416469539}"
EndProject
Project("{FAE04EC0-301F-11D3-BF4B-00C04F79EFBC}") = "TagCloud.Client.BitmapExporter", "TagCloud.Client.BitmapExporter\TagCloud.Client.BitmapExporter.csproj", "{137A74A5-4645-4FD9-8730-187549711DB8}"
EndProject
Project("{FAE04EC0-301F-11D3-BF4B-00C04F79EFBC}") = "TagCloud.Core.Drawing", "TagCloud.Core.Drawing\TagCloud.Core.Drawing.csproj", "{6BCC775B-2936-453B-ACB8-3D7AC6344B88}"
EndProject
Global
	GlobalSection(SolutionConfigurationPlatforms) = preSolution
		Debug|Any CPU = Debug|Any CPU
		Release|Any CPU = Release|Any CPU
	EndGlobalSection
	GlobalSection(ProjectConfigurationPlatforms) = postSolution
		{5F720D0F-7A6C-4181-821B-7B863DB0D3FA}.Debug|Any CPU.ActiveCfg = Debug|Any CPU
		{5F720D0F-7A6C-4181-821B-7B863DB0D3FA}.Debug|Any CPU.Build.0 = Debug|Any CPU
		{5F720D0F-7A6C-4181-821B-7B863DB0D3FA}.Release|Any CPU.ActiveCfg = Release|Any CPU
		{5F720D0F-7A6C-4181-821B-7B863DB0D3FA}.Release|Any CPU.Build.0 = Release|Any CPU
		{763D153A-00EA-49A5-83B9-106B2EEC0146}.Debug|Any CPU.ActiveCfg = Debug|Any CPU
		{763D153A-00EA-49A5-83B9-106B2EEC0146}.Debug|Any CPU.Build.0 = Debug|Any CPU
		{763D153A-00EA-49A5-83B9-106B2EEC0146}.Release|Any CPU.ActiveCfg = Release|Any CPU
		{763D153A-00EA-49A5-83B9-106B2EEC0146}.Release|Any CPU.Build.0 = Release|Any CPU
		{0D72AB67-57D1-4FC4-9E04-FD3416469539}.Debug|Any CPU.ActiveCfg = Debug|Any CPU
		{0D72AB67-57D1-4FC4-9E04-FD3416469539}.Debug|Any CPU.Build.0 = Debug|Any CPU
		{0D72AB67-57D1-4FC4-9E04-FD3416469539}.Release|Any CPU.ActiveCfg = Release|Any CPU
		{0D72AB67-57D1-4FC4-9E04-FD3416469539}.Release|Any CPU.Build.0 = Release|Any CPU
		{137A74A5-4645-4FD9-8730-187549711DB8}.Debug|Any CPU.ActiveCfg = Debug|Any CPU
		{137A74A5-4645-4FD9-8730-187549711DB8}.Debug|Any CPU.Build.0 = Debug|Any CPU
		{137A74A5-4645-4FD9-8730-187549711DB8}.Release|Any CPU.ActiveCfg = Release|Any CPU
		{137A74A5-4645-4FD9-8730-187549711DB8}.Release|Any CPU.Build.0 = Release|Any CPU
		{6BCC775B-2936-453B-ACB8-3D7AC6344B88}.Debug|Any CPU.ActiveCfg = Debug|Any CPU
		{6BCC775B-2936-453B-ACB8-3D7AC6344B88}.Debug|Any CPU.Build.0 = Debug|Any CPU
		{6BCC775B-2936-453B-ACB8-3D7AC6344B88}.Release|Any CPU.ActiveCfg = Release|Any CPU
		{6BCC775B-2936-453B-ACB8-3D7AC6344B88}.Release|Any CPU.Build.0 = Release|Any CPU
	EndGlobalSection
	GlobalSection(SolutionProperties) = preSolution
		HideSolutionNode = FALSE
	EndGlobalSection
	GlobalSection(NestedProjects) = preSolution
		{763D153A-00EA-49A5-83B9-106B2EEC0146} = {DBBFCC03-5F6E-4A7E-AB0B-9A64E9602822}
	EndGlobalSection
	GlobalSection(ExtensibilityGlobals) = postSolution
		SolutionGuid = {18BF7E60-3143-4FBD-81A9-0ECA4390D75E}
	EndGlobalSection
EndGlobal
